
Microsoft Visual Studio Solution File, Format Version 12.00
# Visual Studio 15
VisualStudioVersion = 15.0.27703.2047
MinimumVisualStudioVersion = 10.0.40219.1
Project("{FAE04EC0-301F-11D3-BF4B-00C04F79EFBC}") = "DesignPatterns", "DesignPatterns\DesignPatterns.csproj", "{5A1A3413-73EE-4F63-869B-3C4FD61D39AE}"
EndProject
Project("{FAE04EC0-301F-11D3-BF4B-00C04F79EFBC}") = "DesignPatterns.Tests", "DesignPatterns.Tests\DesignPatterns.Tests.csproj", "{2BA450B6-83F0-4D8C-BE98-07D94E924E81}"
EndProject
Project("{FAE04EC0-301F-11D3-BF4B-00C04F79EFBC}") = "ConsoleApp", "ConsoleApp\ConsoleApp.csproj", "{ACEBE60C-C3FE-4BEB-AAA0-24355E8977B4}"
EndProject
Global
	GlobalSection(SolutionConfigurationPlatforms) = preSolution
		Debug|Any CPU = Debug|Any CPU
		Release|Any CPU = Release|Any CPU
	EndGlobalSection
	GlobalSection(ProjectConfigurationPlatforms) = postSolution
		{5A1A3413-73EE-4F63-869B-3C4FD61D39AE}.Debug|Any CPU.ActiveCfg = Debug|Any CPU
		{5A1A3413-73EE-4F63-869B-3C4FD61D39AE}.Debug|Any CPU.Build.0 = Debug|Any CPU
		{5A1A3413-73EE-4F63-869B-3C4FD61D39AE}.Release|Any CPU.ActiveCfg = Release|Any CPU
		{5A1A3413-73EE-4F63-869B-3C4FD61D39AE}.Release|Any CPU.Build.0 = Release|Any CPU
		{2BA450B6-83F0-4D8C-BE98-07D94E924E81}.Debug|Any CPU.ActiveCfg = Debug|Any CPU
		{2BA450B6-83F0-4D8C-BE98-07D94E924E81}.Debug|Any CPU.Build.0 = Debug|Any CPU
		{2BA450B6-83F0-4D8C-BE98-07D94E924E81}.Release|Any CPU.ActiveCfg = Release|Any CPU
		{2BA450B6-83F0-4D8C-BE98-07D94E924E81}.Release|Any CPU.Build.0 = Release|Any CPU
		{ACEBE60C-C3FE-4BEB-AAA0-24355E8977B4}.Debug|Any CPU.ActiveCfg = Debug|Any CPU
		{ACEBE60C-C3FE-4BEB-AAA0-24355E8977B4}.Debug|Any CPU.Build.0 = Debug|Any CPU
		{ACEBE60C-C3FE-4BEB-AAA0-24355E8977B4}.Release|Any CPU.ActiveCfg = Release|Any CPU
		{ACEBE60C-C3FE-4BEB-AAA0-24355E8977B4}.Release|Any CPU.Build.0 = Release|Any CPU
	EndGlobalSection
	GlobalSection(SolutionProperties) = preSolution
		HideSolutionNode = FALSE
	EndGlobalSection
	GlobalSection(ExtensibilityGlobals) = postSolution
		SolutionGuid = {CD4FD2C5-587F-44DF-A0CD-5E341281D1A6}
	EndGlobalSection
EndGlobal
